// !$*UTF8*$!
{
	archiveVersion = 1;
	classes = {
	};
	objectVersion = 46;
	objects = {

/* Begin PBXBuildFile section */
		801634F41AC0F1A800809BEE /* AppDelegate.swift in Sources */ = {isa = PBXBuildFile; fileRef = 801634F31AC0F1A800809BEE /* AppDelegate.swift */; };
		801634F61AC0F1A800809BEE /* RecordSoundsViewController.swift in Sources */ = {isa = PBXBuildFile; fileRef = 801634F51AC0F1A800809BEE /* RecordSoundsViewController.swift */; };
		801634F91AC0F1A800809BEE /* Main.storyboard in Resources */ = {isa = PBXBuildFile; fileRef = 801634F71AC0F1A800809BEE /* Main.storyboard */; };
		801634FB1AC0F1A800809BEE /* Images.xcassets in Resources */ = {isa = PBXBuildFile; fileRef = 801634FA1AC0F1A800809BEE /* Images.xcassets */; };
		801634FE1AC0F1A800809BEE /* LaunchScreen.xib in Resources */ = {isa = PBXBuildFile; fileRef = 801634FC1AC0F1A800809BEE /* LaunchScreen.xib */; };
		8016350A1AC0F1A800809BEE /* Pitch_PerfectTests.swift in Sources */ = {isa = PBXBuildFile; fileRef = 801635091AC0F1A800809BEE /* Pitch_PerfectTests.swift */; };
		801635161AC111C700809BEE /* PlaySoundsViewController.swift in Sources */ = {isa = PBXBuildFile; fileRef = 801635151AC111C700809BEE /* PlaySoundsViewController.swift */; };
		801635181AC114DB00809BEE /* movie_quote.mp3 in Resources */ = {isa = PBXBuildFile; fileRef = 801635171AC114DB00809BEE /* movie_quote.mp3 */; };
		8016351A1AC4A15000809BEE /* RecordedAudio.swift in Sources */ = {isa = PBXBuildFile; fileRef = 801635191AC4A15000809BEE /* RecordedAudio.swift */; };
/* End PBXBuildFile section */

/* Begin PBXContainerItemProxy section */
		801635041AC0F1A800809BEE /* PBXContainerItemProxy */ = {
			isa = PBXContainerItemProxy;
			containerPortal = 801634E61AC0F1A800809BEE /* Project object */;
			proxyType = 1;
			remoteGlobalIDString = 801634ED1AC0F1A800809BEE;
			remoteInfo = "Pitch Perfect";
		};
/* End PBXContainerItemProxy section */

/* Begin PBXFileReference section */
		801634EE1AC0F1A800809BEE /* Pitch Perfect.app */ = {isa = PBXFileReference; explicitFileType = wrapper.application; includeInIndex = 0; path = "Pitch Perfect.app"; sourceTree = BUILT_PRODUCTS_DIR; };
		801634F21AC0F1A800809BEE /* Info.plist */ = {isa = PBXFileReference; lastKnownFileType = text.plist.xml; path = Info.plist; sourceTree = "<group>"; };
		801634F31AC0F1A800809BEE /* AppDelegate.swift */ = {isa = PBXFileReference; lastKnownFileType = sourcecode.swift; path = AppDelegate.swift; sourceTree = "<group>"; };
		801634F51AC0F1A800809BEE /* RecordSoundsViewController.swift */ = {isa = PBXFileReference; lastKnownFileType = sourcecode.swift; path = RecordSoundsViewController.swift; sourceTree = "<group>"; };
		801634F81AC0F1A800809BEE /* Base */ = {isa = PBXFileReference; lastKnownFileType = file.storyboard; name = Base; path = Base.lproj/Main.storyboard; sourceTree = "<group>"; };
		801634FA1AC0F1A800809BEE /* Images.xcassets */ = {isa = PBXFileReference; lastKnownFileType = folder.assetcatalog; path = Images.xcassets; sourceTree = "<group>"; };
		801634FD1AC0F1A800809BEE /* Base */ = {isa = PBXFileReference; lastKnownFileType = file.xib; name = Base; path = Base.lproj/LaunchScreen.xib; sourceTree = "<group>"; };
		801635031AC0F1A800809BEE /* Pitch PerfectTests.xctest */ = {isa = PBXFileReference; explicitFileType = wrapper.cfbundle; includeInIndex = 0; path = "Pitch PerfectTests.xctest"; sourceTree = BUILT_PRODUCTS_DIR; };
		801635081AC0F1A800809BEE /* Info.plist */ = {isa = PBXFileReference; lastKnownFileType = text.plist.xml; path = Info.plist; sourceTree = "<group>"; };
		801635091AC0F1A800809BEE /* Pitch_PerfectTests.swift */ = {isa = PBXFileReference; lastKnownFileType = sourcecode.swift; path = Pitch_PerfectTests.swift; sourceTree = "<group>"; };
		801635151AC111C700809BEE /* PlaySoundsViewController.swift */ = {isa = PBXFileReference; fileEncoding = 4; lastKnownFileType = sourcecode.swift; name = PlaySoundsViewController.swift; path = ../PlaySoundsViewController.swift; sourceTree = "<group>"; };
		801635171AC114DB00809BEE /* movie_quote.mp3 */ = {isa = PBXFileReference; lastKnownFileType = audio.mp3; path = movie_quote.mp3; sourceTree = "<group>"; };
		801635191AC4A15000809BEE /* RecordedAudio.swift */ = {isa = PBXFileReference; fileEncoding = 4; lastKnownFileType = sourcecode.swift; name = RecordedAudio.swift; path = ../RecordedAudio.swift; sourceTree = "<group>"; };
/* End PBXFileReference section */

/* Begin PBXFrameworksBuildPhase section */
		801634EB1AC0F1A800809BEE /* Frameworks */ = {
			isa = PBXFrameworksBuildPhase;
			buildActionMask = 2147483647;
			files = (
			);
			runOnlyForDeploymentPostprocessing = 0;
		};
		801635001AC0F1A800809BEE /* Frameworks */ = {
			isa = PBXFrameworksBuildPhase;
			buildActionMask = 2147483647;
			files = (
			);
			runOnlyForDeploymentPostprocessing = 0;
		};
/* End PBXFrameworksBuildPhase section */

/* Begin PBXGroup section */
		801634E51AC0F1A800809BEE = {
			isa = PBXGroup;
			children = (
				801634F01AC0F1A800809BEE /* Pitch Perfect */,
				801635061AC0F1A800809BEE /* Pitch PerfectTests */,
				801634EF1AC0F1A800809BEE /* Products */,
			);
			sourceTree = "<group>";
		};
		801634EF1AC0F1A800809BEE /* Products */ = {
			isa = PBXGroup;
			children = (
				801634EE1AC0F1A800809BEE /* Pitch Perfect.app */,
				801635031AC0F1A800809BEE /* Pitch PerfectTests.xctest */,
			);
			name = Products;
			sourceTree = "<group>";
		};
		801634F01AC0F1A800809BEE /* Pitch Perfect */ = {
			isa = PBXGroup;
			children = (
				801634F31AC0F1A800809BEE /* AppDelegate.swift */,
				801635191AC4A15000809BEE /* RecordedAudio.swift */,
				801634F51AC0F1A800809BEE /* RecordSoundsViewController.swift */,
				801634F71AC0F1A800809BEE /* Main.storyboard */,
				801635151AC111C700809BEE /* PlaySoundsViewController.swift */,
				801634FA1AC0F1A800809BEE /* Images.xcassets */,
				801634FC1AC0F1A800809BEE /* LaunchScreen.xib */,
				801634F11AC0F1A800809BEE /* Supporting Files */,
			);
			path = "Pitch Perfect";
			sourceTree = "<group>";
		};
		801634F11AC0F1A800809BEE /* Supporting Files */ = {
			isa = PBXGroup;
			children = (
				801635171AC114DB00809BEE /* movie_quote.mp3 */,
				801634F21AC0F1A800809BEE /* Info.plist */,
			);
			name = "Supporting Files";
			sourceTree = "<group>";
		};
		801635061AC0F1A800809BEE /* Pitch PerfectTests */ = {
			isa = PBXGroup;
			children = (
				801635091AC0F1A800809BEE /* Pitch_PerfectTests.swift */,
				801635071AC0F1A800809BEE /* Supporting Files */,
			);
			path = "Pitch PerfectTests";
			sourceTree = "<group>";
		};
		801635071AC0F1A800809BEE /* Supporting Files */ = {
			isa = PBXGroup;
			children = (
				801635081AC0F1A800809BEE /* Info.plist */,
			);
			name = "Supporting Files";
			sourceTree = "<group>";
		};
/* End PBXGroup section */

/* Begin PBXNativeTarget section */
		801634ED1AC0F1A800809BEE /* Pitch Perfect */ = {
			isa = PBXNativeTarget;
			buildConfigurationList = 8016350D1AC0F1A800809BEE /* Build configuration list for PBXNativeTarget "Pitch Perfect" */;
			buildPhases = (
				801634EA1AC0F1A800809BEE /* Sources */,
				801634EB1AC0F1A800809BEE /* Frameworks */,
				801634EC1AC0F1A800809BEE /* Resources */,
			);
			buildRules = (
			);
			dependencies = (
			);
			name = "Pitch Perfect";
			productName = "Pitch Perfect";
			productReference = 801634EE1AC0F1A800809BEE /* Pitch Perfect.app */;
			productType = "com.apple.product-type.application";
		};
		801635021AC0F1A800809BEE /* Pitch PerfectTests */ = {
			isa = PBXNativeTarget;
			buildConfigurationList = 801635101AC0F1A800809BEE /* Build configuration list for PBXNativeTarget "Pitch PerfectTests" */;
			buildPhases = (
				801634FF1AC0F1A800809BEE /* Sources */,
				801635001AC0F1A800809BEE /* Frameworks */,
				801635011AC0F1A800809BEE /* Resources */,
			);
			buildRules = (
			);
			dependencies = (
				801635051AC0F1A800809BEE /* PBXTargetDependency */,
			);
			name = "Pitch PerfectTests";
			productName = "Pitch PerfectTests";
			productReference = 801635031AC0F1A800809BEE /* Pitch PerfectTests.xctest */;
			productType = "com.apple.product-type.bundle.unit-test";
		};
/* End PBXNativeTarget section */

/* Begin PBXProject section */
		801634E61AC0F1A800809BEE /* Project object */ = {
			isa = PBXProject;
			attributes = {
				LastUpgradeCheck = 0610;
				ORGANIZATIONNAME = "Charcoal Nine Works";
				TargetAttributes = {
					801634ED1AC0F1A800809BEE = {
						CreatedOnToolsVersion = 6.1.1;
						DevelopmentTeam = RD4LN678K5;
					};
					801635021AC0F1A800809BEE = {
						CreatedOnToolsVersion = 6.1.1;
						DevelopmentTeam = RD4LN678K5;
						TestTargetID = 801634ED1AC0F1A800809BEE;
					};
				};
			};
			buildConfigurationList = 801634E91AC0F1A800809BEE /* Build configuration list for PBXProject "Pitch Perfect" */;
			compatibilityVersion = "Xcode 3.2";
			developmentRegion = English;
			hasScannedForEncodings = 0;
			knownRegions = (
				en,
				Base,
			);
			mainGroup = 801634E51AC0F1A800809BEE;
			productRefGroup = 801634EF1AC0F1A800809BEE /* Products */;
			projectDirPath = "";
			projectRoot = "";
			targets = (
				801634ED1AC0F1A800809BEE /* Pitch Perfect */,
				801635021AC0F1A800809BEE /* Pitch PerfectTests */,
			);
		};
/* End PBXProject section */

/* Begin PBXResourcesBuildPhase section */
		801634EC1AC0F1A800809BEE /* Resources */ = {
			isa = PBXResourcesBuildPhase;
			buildActionMask = 2147483647;
			files = (
				801634F91AC0F1A800809BEE /* Main.storyboard in Resources */,
				801634FE1AC0F1A800809BEE /* LaunchScreen.xib in Resources */,
				801635181AC114DB00809BEE /* movie_quote.mp3 in Resources */,
				801634FB1AC0F1A800809BEE /* Images.xcassets in Resources */,
			);
			runOnlyForDeploymentPostprocessing = 0;
		};
		801635011AC0F1A800809BEE /* Resources */ = {
			isa = PBXResourcesBuildPhase;
			buildActionMask = 2147483647;
			files = (
			);
			runOnlyForDeploymentPostprocessing = 0;
		};
/* End PBXResourcesBuildPhase section */

/* Begin PBXSourcesBuildPhase section */
		801634EA1AC0F1A800809BEE /* Sources */ = {
			isa = PBXSourcesBuildPhase;
			buildActionMask = 2147483647;
			files = (
				801634F61AC0F1A800809BEE /* RecordSoundsViewController.swift in Sources */,
				801635161AC111C700809BEE /* PlaySoundsViewController.swift in Sources */,
				8016351A1AC4A15000809BEE /* RecordedAudio.swift in Sources */,
				801634F41AC0F1A800809BEE /* AppDelegate.swift in Sources */,
			);
			runOnlyForDeploymentPostprocessing = 0;
		};
		801634FF1AC0F1A800809BEE /* Sources */ = {
			isa = PBXSourcesBuildPhase;
			buildActionMask = 2147483647;
			files = (
				8016350A1AC0F1A800809BEE /* Pitch_PerfectTests.swift in Sources */,
			);
			runOnlyForDeploymentPostprocessing = 0;
		};
/* End PBXSourcesBuildPhase section */

/* Begin PBXTargetDependency section */
		801635051AC0F1A800809BEE /* PBXTargetDependency */ = {
			isa = PBXTargetDependency;
			target = 801634ED1AC0F1A800809BEE /* Pitch Perfect */;
			targetProxy = 801635041AC0F1A800809BEE /* PBXContainerItemProxy */;
		};
/* End PBXTargetDependency section */

/* Begin PBXVariantGroup section */
		801634F71AC0F1A800809BEE /* Main.storyboard */ = {
			isa = PBXVariantGroup;
			children = (
				801634F81AC0F1A800809BEE /* Base */,
			);
			name = Main.storyboard;
			sourceTree = "<group>";
		};
		801634FC1AC0F1A800809BEE /* LaunchScreen.xib */ = {
			isa = PBXVariantGroup;
			children = (
				801634FD1AC0F1A800809BEE /* Base */,
			);
			name = LaunchScreen.xib;
			sourceTree = "<group>";
		};
/* End PBXVariantGroup section */

/* Begin XCBuildConfiguration section */
		8016350B1AC0F1A800809BEE /* Debug */ = {
			isa = XCBuildConfiguration;
			buildSettings = {
				ALWAYS_SEARCH_USER_PATHS = NO;
				CLANG_CXX_LANGUAGE_STANDARD = "gnu++0x";
				CLANG_CXX_LIBRARY = "libc++";
				CLANG_ENABLE_MODULES = YES;
				CLANG_ENABLE_OBJC_ARC = YES;
				CLANG_WARN_BOOL_CONVERSION = YES;
				CLANG_WARN_CONSTANT_CONVERSION = YES;
				CLANG_WARN_DIRECT_OBJC_ISA_USAGE = YES_ERROR;
				CLANG_WARN_EMPTY_BODY = YES;
				CLANG_WARN_ENUM_CONVERSION = YES;
				CLANG_WARN_INT_CONVERSION = YES;
				CLANG_WARN_OBJC_ROOT_CLASS = YES_ERROR;
				CLANG_WARN_UNREACHABLE_CODE = YES;
				CLANG_WARN__DUPLICATE_METHOD_MATCH = YES;
				"CODE_SIGN_IDENTITY[sdk=iphoneos*]" = "iPhone Developer";
				COPY_PHASE_STRIP = NO;
				ENABLE_STRICT_OBJC_MSGSEND = YES;
				GCC_C_LANGUAGE_STANDARD = gnu99;
				GCC_DYNAMIC_NO_PIC = NO;
				GCC_OPTIMIZATION_LEVEL = 0;
				GCC_PREPROCESSOR_DEFINITIONS = (
					"DEBUG=1",
					"$(inherited)",
				);
				GCC_SYMBOLS_PRIVATE_EXTERN = NO;
				GCC_WARN_64_TO_32_BIT_CONVERSION = YES;
				GCC_WARN_ABOUT_RETURN_TYPE = YES_ERROR;
				GCC_WARN_UNDECLARED_SELECTOR = YES;
				GCC_WARN_UNINITIALIZED_AUTOS = YES_AGGRESSIVE;
				GCC_WARN_UNUSED_FUNCTION = YES;
				GCC_WARN_UNUSED_VARIABLE = YES;
				IPHONEOS_DEPLOYMENT_TARGET = 8.1;
				MTL_ENABLE_DEBUG_INFO = YES;
				ONLY_ACTIVE_ARCH = YES;
				SDKROOT = iphoneos;
				SWIFT_OPTIMIZATION_LEVEL = "-Onone";
			};
			name = Debug;
		};
		8016350C1AC0F1A800809BEE /* Release */ = {
			isa = XCBuildConfiguration;
			buildSettings = {
				ALWAYS_SEARCH_USER_PATHS = NO;
				CLANG_CXX_LANGUAGE_STANDARD = "gnu++0x";
				CLANG_CXX_LIBRARY = "libc++";
				CLANG_ENABLE_MODULES = YES;
				CLANG_ENABLE_OBJC_ARC = YES;
				CLANG_WARN_BOOL_CONVERSION = YES;
				CLANG_WARN_CONSTANT_CONVERSION = YES;
				CLANG_WARN_DIRECT_OBJC_ISA_USAGE = YES_ERROR;
				CLANG_WARN_EMPTY_BODY = YES;
				CLANG_WARN_ENUM_CONVERSION = YES;
				CLANG_WARN_INT_CONVERSION = YES;
				CLANG_WARN_OBJC_ROOT_CLASS = YES_ERROR;
				CLANG_WARN_UNREACHABLE_CODE = YES;
				CLANG_WARN__DUPLICATE_METHOD_MATCH = YES;
				"CODE_SIGN_IDENTITY[sdk=iphoneos*]" = "iPhone Developer";
				COPY_PHASE_STRIP = YES;
				ENABLE_NS_ASSERTIONS = NO;
				ENABLE_STRICT_OBJC_MSGSEND = YES;
				GCC_C_LANGUAGE_STANDARD = gnu99;
				GCC_WARN_64_TO_32_BIT_CONVERSION = YES;
				GCC_WARN_ABOUT_RETURN_TYPE = YES_ERROR;
				GCC_WARN_UNDECLARED_SELECTOR = YES;
				GCC_WARN_UNINITIALIZED_AUTOS = YES_AGGRESSIVE;
				GCC_WARN_UNUSED_FUNCTION = YES;
				GCC_WARN_UNUSED_VARIABLE = YES;
				IPHONEOS_DEPLOYMENT_TARGET = 8.1;
				MTL_ENABLE_DEBUG_INFO = NO;
				SDKROOT = iphoneos;
				VALIDATE_PRODUCT = YES;
			};
			name = Release;
		};
		8016350E1AC0F1A800809BEE /* Debug */ = {
			isa = XCBuildConfiguration;
			buildSettings = {
				ASSETCATALOG_COMPILER_APPICON_NAME = AppIcon;
				INFOPLIST_FILE = "Pitch Perfect/Info.plist";
				LD_RUNPATH_SEARCH_PATHS = "$(inherited) @executable_path/Frameworks";
				PRODUCT_NAME = "$(TARGET_NAME)";
			};
			name = Debug;
		};
		8016350F1AC0F1A800809BEE /* Release */ = {
			isa = XCBuildConfiguration;
			buildSettings = {
				ASSETCATALOG_COMPILER_APPICON_NAME = AppIcon;
				INFOPLIST_FILE = "Pitch Perfect/Info.plist";
				LD_RUNPATH_SEARCH_PATHS = "$(inherited) @executable_path/Frameworks";
				PRODUCT_NAME = "$(TARGET_NAME)";
			};
			name = Release;
		};
		801635111AC0F1A800809BEE /* Debug */ = {
			isa = XCBuildConfiguration;
			buildSettings = {
				BUNDLE_LOADER = "$(TEST_HOST)";
				CODE_SIGN_IDENTITY = "iPhone Developer";
				"CODE_SIGN_IDENTITY[sdk=iphoneos*]" = "iPhone Developer";
				FRAMEWORK_SEARCH_PATHS = (
					"$(SDKROOT)/Developer/Library/Frameworks",
					"$(inherited)",
				);
				GCC_PREPROCESSOR_DEFINITIONS = (
					"DEBUG=1",
					"$(inherited)",
				);
				INFOPLIST_FILE = "Pitch PerfectTests/Info.plist";
				LD_RUNPATH_SEARCH_PATHS = "$(inherited) @executable_path/Frameworks @loader_path/Frameworks";
				PRODUCT_NAME = "$(TARGET_NAME)";
				PROVISIONING_PROFILE = "";
				TEST_HOST = "$(BUILT_PRODUCTS_DIR)/Pitch Perfect.app/Pitch Perfect";
			};
			name = Debug;
		};
		801635121AC0F1A800809BEE /* Release */ = {
			isa = XCBuildConfiguration;
			buildSettings = {
				BUNDLE_LOADER = "$(TEST_HOST)";
				CODE_SIGN_IDENTITY = "iPhone Developer";
				"CODE_SIGN_IDENTITY[sdk=iphoneos*]" = "iPhone Developer";
				FRAMEWORK_SEARCH_PATHS = (
					"$(SDKROOT)/Developer/Library/Frameworks",
					"$(inherited)",
				);
				INFOPLIST_FILE = "Pitch PerfectTests/Info.plist";
				LD_RUNPATH_SEARCH_PATHS = "$(inherited) @executable_path/Frameworks @loader_path/Frameworks";
				PRODUCT_NAME = "$(TARGET_NAME)";
				PROVISIONING_PROFILE = "";
				TEST_HOST = "$(BUILT_PRODUCTS_DIR)/Pitch Perfect.app/Pitch Perfect";
			};
			name = Release;
		};
/* End XCBuildConfiguration section */

/* Begin XCConfigurationList section */
		801634E91AC0F1A800809BEE /* Build configuration list for PBXProject "Pitch Perfect" */ = {
			isa = XCConfigurationList;
			buildConfigurations = (
				8016350B1AC0F1A800809BEE /* Debug */,
				8016350C1AC0F1A800809BEE /* Release */,
			);
			defaultConfigurationIsVisible = 0;
			defaultConfigurationName = Release;
		};
		8016350D1AC0F1A800809BEE /* Build configuration list for PBXNativeTarget "Pitch Perfect" */ = {
			isa = XCConfigurationList;
			buildConfigurations = (
				8016350E1AC0F1A800809BEE /* Debug */,
				8016350F1AC0F1A800809BEE /* Release */,
			);
			defaultConfigurationIsVisible = 0;
			defaultConfigurationName = Release;
		};
		801635101AC0F1A800809BEE /* Build configuration list for PBXNativeTarget "Pitch PerfectTests" */ = {
			isa = XCConfigurationList;
			buildConfigurations = (
				801635111AC0F1A800809BEE /* Debug */,
				801635121AC0F1A800809BEE /* Release */,
			);
			defaultConfigurationIsVisible = 0;
			defaultConfigurationName = Release;
		};
/* End XCConfigurationList section */
	};
	rootObject = 801634E61AC0F1A800809BEE /* Project object */;
}
